{
  "originHash" : "8776b1dd286a9e6f1384105446627f8dbed8790f1c11684ae8385525d9449ca2",
  "pins" : [
    {
      "identity" : "wikideeplink",
      "kind" : "remoteSourceControl",
      "location" : "https://github.com/paulosytac/WikiDeeplink",
      "state" : {
        "branch" : "main",
        "revision" : "57e63a52bfccd4548e30536039a8a1d578714bc3"
      }
    },
    {
      "identity" : "wikinetwork",
      "kind" : "remoteSourceControl",
      "location" : "https://github.com/paulosytac/WikiNetwork",
      "state" : {
        "branch" : "main",
        "revision" : "25dc26a5be30b6c550f979fdeb93f67688b47431"
      }
    },
    {
      "identity" : "wikivalidator",
      "kind" : "remoteSourceControl",
      "location" : "https://github.com/paulosytac/WikiValidator",
      "state" : {
        "branch" : "main",
        "revision" : "3c3bd4d0160c4ec2a4e6fa0b4f20173407bc8a7a"
      }
    }
  ],
  "version" : 3
}
